
Microsoft Visual Studio Solution File, Format Version 11.00
# Visual Studio 2010
Project("{8BC9CEB8-8B4A-11D0-8D11-00A0C91BC942}") = "CppServer", "CppServer\CppServer.vcxproj", "{8B4A0049-D138-4418-881A-4E1A38144496}"
EndProject
Project("{FAE04EC0-301F-11D3-BF4B-00C04F79EFBC}") = "ChatClient", "ChatClient\ChatClient.csproj", "{F80ED3C4-8343-4EEB-8885-3700725D3A9E}"
EndProject
Project("{FAE04EC0-301F-11D3-BF4B-00C04F79EFBC}") = "ChatServer", "ChatServer\ChatServer.csproj", "{3CEB4DE0-BBEA-45FC-910A-AE56C341B0AE}"
EndProject
Global
	GlobalSection(SolutionConfigurationPlatforms) = preSolution
		Debug|Any CPU = Debug|Any CPU
		Debug|Mixed Platforms = Debug|Mixed Platforms
		Debug|Win32 = Debug|Win32
		Release|Any CPU = Release|Any CPU
		Release|Mixed Platforms = Release|Mixed Platforms
		Release|Win32 = Release|Win32
	EndGlobalSection
	GlobalSection(ProjectConfigurationPlatforms) = postSolution
		{8B4A0049-D138-4418-881A-4E1A38144496}.Debug|Any CPU.ActiveCfg = Debug|Win32
		{8B4A0049-D138-4418-881A-4E1A38144496}.Debug|Mixed Platforms.ActiveCfg = Debug|Win32
		{8B4A0049-D138-4418-881A-4E1A38144496}.Debug|Mixed Platforms.Build.0 = Debug|Win32
		{8B4A0049-D138-4418-881A-4E1A38144496}.Debug|Win32.ActiveCfg = Debug|Win32
		{8B4A0049-D138-4418-881A-4E1A38144496}.Debug|Win32.Build.0 = Debug|Win32
		{8B4A0049-D138-4418-881A-4E1A38144496}.Release|Any CPU.ActiveCfg = Release|Win32
		{8B4A0049-D138-4418-881A-4E1A38144496}.Release|Mixed Platforms.ActiveCfg = Release|Win32
		{8B4A0049-D138-4418-881A-4E1A38144496}.Release|Mixed Platforms.Build.0 = Release|Win32
		{8B4A0049-D138-4418-881A-4E1A38144496}.Release|Win32.ActiveCfg = Release|Win32
		{8B4A0049-D138-4418-881A-4E1A38144496}.Release|Win32.Build.0 = Release|Win32
		{F80ED3C4-8343-4EEB-8885-3700725D3A9E}.Debug|Any CPU.ActiveCfg = Debug|Any CPU
		{F80ED3C4-8343-4EEB-8885-3700725D3A9E}.Debug|Any CPU.Build.0 = Debug|Any CPU
		{F80ED3C4-8343-4EEB-8885-3700725D3A9E}.Debug|Mixed Platforms.ActiveCfg = Debug|Any CPU
		{F80ED3C4-8343-4EEB-8885-3700725D3A9E}.Debug|Mixed Platforms.Build.0 = Debug|Any CPU
		{F80ED3C4-8343-4EEB-8885-3700725D3A9E}.Debug|Win32.ActiveCfg = Debug|Any CPU
		{F80ED3C4-8343-4EEB-8885-3700725D3A9E}.Release|Any CPU.ActiveCfg = Release|Any CPU
		{F80ED3C4-8343-4EEB-8885-3700725D3A9E}.Release|Any CPU.Build.0 = Release|Any CPU
		{F80ED3C4-8343-4EEB-8885-3700725D3A9E}.Release|Mixed Platforms.ActiveCfg = Release|Any CPU
		{F80ED3C4-8343-4EEB-8885-3700725D3A9E}.Release|Mixed Platforms.Build.0 = Release|Any CPU
		{F80ED3C4-8343-4EEB-8885-3700725D3A9E}.Release|Win32.ActiveCfg = Release|Any CPU
		{3CEB4DE0-BBEA-45FC-910A-AE56C341B0AE}.Debug|Any CPU.ActiveCfg = Debug|Any CPU
		{3CEB4DE0-BBEA-45FC-910A-AE56C341B0AE}.Debug|Any CPU.Build.0 = Debug|Any CPU
		{3CEB4DE0-BBEA-45FC-910A-AE56C341B0AE}.Debug|Mixed Platforms.ActiveCfg = Debug|Any CPU
		{3CEB4DE0-BBEA-45FC-910A-AE56C341B0AE}.Debug|Mixed Platforms.Build.0 = Debug|Any CPU
		{3CEB4DE0-BBEA-45FC-910A-AE56C341B0AE}.Debug|Win32.ActiveCfg = Debug|Any CPU
		{3CEB4DE0-BBEA-45FC-910A-AE56C341B0AE}.Release|Any CPU.ActiveCfg = Release|Any CPU
		{3CEB4DE0-BBEA-45FC-910A-AE56C341B0AE}.Release|Any CPU.Build.0 = Release|Any CPU
		{3CEB4DE0-BBEA-45FC-910A-AE56C341B0AE}.Release|Mixed Platforms.ActiveCfg = Release|Any CPU
		{3CEB4DE0-BBEA-45FC-910A-AE56C341B0AE}.Release|Mixed Platforms.Build.0 = Release|Any CPU
		{3CEB4DE0-BBEA-45FC-910A-AE56C341B0AE}.Release|Win32.ActiveCfg = Release|Any CPU
	EndGlobalSection
	GlobalSection(SolutionProperties) = preSolution
		HideSolutionNode = FALSE
	EndGlobalSection
EndGlobal
